
Microsoft Visual Studio Solution File, Format Version 12.00
# Visual Studio Version 17
VisualStudioVersion = 17.5.33502.453
MinimumVisualStudioVersion = 10.0.40219.1
Project("{9A19103F-16F7-4668-BE54-9A1E7A4F7556}") = "Dag8.oefening1", "Dag8.oefening1\Dag8.oefening1.csproj", "{BCA7A45D-A3EC-43FB-B9F5-520E66DE33AF}"
EndProject
Project("{9A19103F-16F7-4668-BE54-9A1E7A4F7556}") = "Dag8.oefening1.Tests", "Dag8.oefening1.Tests\Dag8.oefening1.Tests.csproj", "{817EDEC5-215B-4C8B-A64E-D2E1E1A69001}"
EndProject
Project("{FAE04EC0-301F-11D3-BF4B-00C04F79EFBC}") = "Dag8.oefening1.Shared", "Dag8.oefening1.Shared\Dag8.oefening1.Shared.csproj", "{8518E3EA-557D-44EA-AE9D-E3CDFE0296F9}"
EndProject
Project("{FAE04EC0-301F-11D3-BF4B-00C04F79EFBC}") = "Dag8.oefening1.ApiClient", "Dag8.oefening1.ApiClient\Dag8.oefening1.ApiClient.csproj", "{310E6478-687A-421A-B59C-D60CE8918545}"
EndProject
Global
	GlobalSection(SolutionConfigurationPlatforms) = preSolution
		Debug|Any CPU = Debug|Any CPU
		Release|Any CPU = Release|Any CPU
	EndGlobalSection
	GlobalSection(ProjectConfigurationPlatforms) = postSolution
		{BCA7A45D-A3EC-43FB-B9F5-520E66DE33AF}.Debug|Any CPU.ActiveCfg = Debug|Any CPU
		{BCA7A45D-A3EC-43FB-B9F5-520E66DE33AF}.Debug|Any CPU.Build.0 = Debug|Any CPU
		{BCA7A45D-A3EC-43FB-B9F5-520E66DE33AF}.Release|Any CPU.ActiveCfg = Release|Any CPU
		{BCA7A45D-A3EC-43FB-B9F5-520E66DE33AF}.Release|Any CPU.Build.0 = Release|Any CPU
		{817EDEC5-215B-4C8B-A64E-D2E1E1A69001}.Debug|Any CPU.ActiveCfg = Debug|Any CPU
		{817EDEC5-215B-4C8B-A64E-D2E1E1A69001}.Debug|Any CPU.Build.0 = Debug|Any CPU
		{817EDEC5-215B-4C8B-A64E-D2E1E1A69001}.Release|Any CPU.ActiveCfg = Release|Any CPU
		{817EDEC5-215B-4C8B-A64E-D2E1E1A69001}.Release|Any CPU.Build.0 = Release|Any CPU
		{8518E3EA-557D-44EA-AE9D-E3CDFE0296F9}.Debug|Any CPU.ActiveCfg = Debug|Any CPU
		{8518E3EA-557D-44EA-AE9D-E3CDFE0296F9}.Debug|Any CPU.Build.0 = Debug|Any CPU
		{8518E3EA-557D-44EA-AE9D-E3CDFE0296F9}.Release|Any CPU.ActiveCfg = Release|Any CPU
		{8518E3EA-557D-44EA-AE9D-E3CDFE0296F9}.Release|Any CPU.Build.0 = Release|Any CPU
		{310E6478-687A-421A-B59C-D60CE8918545}.Debug|Any CPU.ActiveCfg = Debug|Any CPU
		{310E6478-687A-421A-B59C-D60CE8918545}.Debug|Any CPU.Build.0 = Debug|Any CPU
		{310E6478-687A-421A-B59C-D60CE8918545}.Release|Any CPU.ActiveCfg = Release|Any CPU
		{310E6478-687A-421A-B59C-D60CE8918545}.Release|Any CPU.Build.0 = Release|Any CPU
	EndGlobalSection
	GlobalSection(SolutionProperties) = preSolution
		HideSolutionNode = FALSE
	EndGlobalSection
	GlobalSection(ExtensibilityGlobals) = postSolution
		SolutionGuid = {34CBB6FF-8DAC-4F65-9AB7-AFC7F0976C4C}
	EndGlobalSection
EndGlobal
