
Microsoft Visual Studio Solution File, Format Version 12.00
# Visual Studio Version 16
VisualStudioVersion = 25.0.1705.2
MinimumVisualStudioVersion = 10.0.40219.1
Project("{FAE04EC0-301F-11D3-BF4B-00C04F79EFBC}") = "Dag5.EtenKopen", "Dag5.EtenKopen\Dag5.EtenKopen.csproj", "{15DA000D-45BA-440B-8962-A79BB09E38ED}"
EndProject
Project("{FAE04EC0-301F-11D3-BF4B-00C04F79EFBC}") = "Dag5.Testen", "Dag5.Testen\Dag5.Testen.csproj", "{63E8174C-228D-4076-BA49-19C913009FC3}"
EndProject
Global
	GlobalSection(SolutionConfigurationPlatforms) = preSolution
		Debug|Any CPU = Debug|Any CPU
		Release|Any CPU = Release|Any CPU
	EndGlobalSection
	GlobalSection(ProjectConfigurationPlatforms) = postSolution
		{15DA000D-45BA-440B-8962-A79BB09E38ED}.Debug|Any CPU.ActiveCfg = Debug|Any CPU
		{15DA000D-45BA-440B-8962-A79BB09E38ED}.Debug|Any CPU.Build.0 = Debug|Any CPU
		{15DA000D-45BA-440B-8962-A79BB09E38ED}.Release|Any CPU.ActiveCfg = Release|Any CPU
		{15DA000D-45BA-440B-8962-A79BB09E38ED}.Release|Any CPU.Build.0 = Release|Any CPU
		{63E8174C-228D-4076-BA49-19C913009FC3}.Debug|Any CPU.ActiveCfg = Debug|Any CPU
		{63E8174C-228D-4076-BA49-19C913009FC3}.Debug|Any CPU.Build.0 = Debug|Any CPU
		{63E8174C-228D-4076-BA49-19C913009FC3}.Release|Any CPU.ActiveCfg = Release|Any CPU
		{63E8174C-228D-4076-BA49-19C913009FC3}.Release|Any CPU.Build.0 = Release|Any CPU
	EndGlobalSection
	GlobalSection(SolutionProperties) = preSolution
		HideSolutionNode = FALSE
	EndGlobalSection
	GlobalSection(ExtensibilityGlobals) = postSolution
		SolutionGuid = {72AAA927-61DC-482C-9DA9-4BFFE5AC87F5}
	EndGlobalSection
EndGlobal
