
Microsoft Visual Studio Solution File, Format Version 12.00
# Visual Studio Version 17
VisualStudioVersion = 17.5.33502.453
MinimumVisualStudioVersion = 10.0.40219.1
Project("{9A19103F-16F7-4668-BE54-9A1E7A4F7556}") = "CASE.YL.WebApp", "CASE.YL.WebApp\CASE.YL.WebApp.csproj", "{B9C933B2-CF6A-4801-B34E-F6CD39D15524}"
EndProject
Project("{FAE04EC0-301F-11D3-BF4B-00C04F79EFBC}") = "CASE.YL.WebApp.Tests", "CASE.YL.WebApp.Tests\CASE.YL.WebApp.Tests.csproj", "{62E88782-3E52-4D95-9FFC-B59370DA0107}"
EndProject
Global
	GlobalSection(SolutionConfigurationPlatforms) = preSolution
		Debug|Any CPU = Debug|Any CPU
		Release|Any CPU = Release|Any CPU
	EndGlobalSection
	GlobalSection(ProjectConfigurationPlatforms) = postSolution
		{B9C933B2-CF6A-4801-B34E-F6CD39D15524}.Debug|Any CPU.ActiveCfg = Debug|Any CPU
		{B9C933B2-CF6A-4801-B34E-F6CD39D15524}.Debug|Any CPU.Build.0 = Debug|Any CPU
		{B9C933B2-CF6A-4801-B34E-F6CD39D15524}.Release|Any CPU.ActiveCfg = Release|Any CPU
		{B9C933B2-CF6A-4801-B34E-F6CD39D15524}.Release|Any CPU.Build.0 = Release|Any CPU
		{62E88782-3E52-4D95-9FFC-B59370DA0107}.Debug|Any CPU.ActiveCfg = Debug|Any CPU
		{62E88782-3E52-4D95-9FFC-B59370DA0107}.Debug|Any CPU.Build.0 = Debug|Any CPU
		{62E88782-3E52-4D95-9FFC-B59370DA0107}.Release|Any CPU.ActiveCfg = Release|Any CPU
		{62E88782-3E52-4D95-9FFC-B59370DA0107}.Release|Any CPU.Build.0 = Release|Any CPU
	EndGlobalSection
	GlobalSection(SolutionProperties) = preSolution
		HideSolutionNode = FALSE
	EndGlobalSection
	GlobalSection(ExtensibilityGlobals) = postSolution
		SolutionGuid = {59C8AA7C-3FF7-41C6-90E2-99451FEA9C35}
	EndGlobalSection
EndGlobal
