
Microsoft Visual Studio Solution File, Format Version 12.00
# Visual Studio Version 17
VisualStudioVersion = 17.5.33502.453
MinimumVisualStudioVersion = 10.0.40219.1
Project("{FAE04EC0-301F-11D3-BF4B-00C04F79EFBC}") = "Dag6.OefeningInheritance", "Dag6.OefeningInheritance\Dag6.OefeningInheritance.csproj", "{279FD85B-F803-4E53-A1E1-AADDAA3E8509}"
EndProject
Project("{FAE04EC0-301F-11D3-BF4B-00C04F79EFBC}") = "Dag6.InheritanceTesten", "Dag6.InheritanceTesten\Dag6.InheritanceTesten.csproj", "{52EA0FE1-E332-49C5-86E0-ADA5B99CB2B6}"
EndProject
Global
	GlobalSection(SolutionConfigurationPlatforms) = preSolution
		Debug|Any CPU = Debug|Any CPU
		Release|Any CPU = Release|Any CPU
	EndGlobalSection
	GlobalSection(ProjectConfigurationPlatforms) = postSolution
		{279FD85B-F803-4E53-A1E1-AADDAA3E8509}.Debug|Any CPU.ActiveCfg = Debug|Any CPU
		{279FD85B-F803-4E53-A1E1-AADDAA3E8509}.Debug|Any CPU.Build.0 = Debug|Any CPU
		{279FD85B-F803-4E53-A1E1-AADDAA3E8509}.Release|Any CPU.ActiveCfg = Release|Any CPU
		{279FD85B-F803-4E53-A1E1-AADDAA3E8509}.Release|Any CPU.Build.0 = Release|Any CPU
		{52EA0FE1-E332-49C5-86E0-ADA5B99CB2B6}.Debug|Any CPU.ActiveCfg = Debug|Any CPU
		{52EA0FE1-E332-49C5-86E0-ADA5B99CB2B6}.Debug|Any CPU.Build.0 = Debug|Any CPU
		{52EA0FE1-E332-49C5-86E0-ADA5B99CB2B6}.Release|Any CPU.ActiveCfg = Release|Any CPU
		{52EA0FE1-E332-49C5-86E0-ADA5B99CB2B6}.Release|Any CPU.Build.0 = Release|Any CPU
	EndGlobalSection
	GlobalSection(SolutionProperties) = preSolution
		HideSolutionNode = FALSE
	EndGlobalSection
	GlobalSection(ExtensibilityGlobals) = postSolution
		SolutionGuid = {C73FC330-2632-4E99-9926-64242D8EC200}
	EndGlobalSection
EndGlobal
