
Microsoft Visual Studio Solution File, Format Version 12.00
# Visual Studio Version 17
VisualStudioVersion = 17.5.33502.453
MinimumVisualStudioVersion = 10.0.40219.1
Project("{FAE04EC0-301F-11D3-BF4B-00C04F79EFBC}") = "cases.reisdocumenten", "case.reisdocumenten\cases.reisdocumenten.csproj", "{1FA78F8D-BA83-4F10-9CF2-63C230AE0563}"
EndProject
Global
	GlobalSection(SolutionConfigurationPlatforms) = preSolution
		Debug|Any CPU = Debug|Any CPU
		Release|Any CPU = Release|Any CPU
	EndGlobalSection
	GlobalSection(ProjectConfigurationPlatforms) = postSolution
		{1FA78F8D-BA83-4F10-9CF2-63C230AE0563}.Debug|Any CPU.ActiveCfg = Debug|Any CPU
		{1FA78F8D-BA83-4F10-9CF2-63C230AE0563}.Debug|Any CPU.Build.0 = Debug|Any CPU
		{1FA78F8D-BA83-4F10-9CF2-63C230AE0563}.Release|Any CPU.ActiveCfg = Release|Any CPU
		{1FA78F8D-BA83-4F10-9CF2-63C230AE0563}.Release|Any CPU.Build.0 = Release|Any CPU
	EndGlobalSection
	GlobalSection(SolutionProperties) = preSolution
		HideSolutionNode = FALSE
	EndGlobalSection
	GlobalSection(ExtensibilityGlobals) = postSolution
		SolutionGuid = {F53487B1-9589-45AE-856B-F89E8F319E6E}
	EndGlobalSection
EndGlobal
