
Microsoft Visual Studio Solution File, Format Version 12.00
# Visual Studio Version 17
VisualStudioVersion = 17.5.33516.290
MinimumVisualStudioVersion = 10.0.40219.1
Project("{FAE04EC0-301F-11D3-BF4B-00C04F79EFBC}") = "Dag14.OefeningLINQ", "Dag14.OefeningLINQ\Dag14.OefeningLINQ.csproj", "{1E3C2204-B37D-4F22-BFCC-2E2E6B4CDEFB}"
EndProject
Project("{FAE04EC0-301F-11D3-BF4B-00C04F79EFBC}") = "Dag14.FileDemo", "Dag14.FileDemo\Dag14.FileDemo.csproj", "{BE40AF42-1E3B-4CCA-B0CA-A794244C80FC}"
EndProject
Global
	GlobalSection(SolutionConfigurationPlatforms) = preSolution
		Debug|Any CPU = Debug|Any CPU
		Release|Any CPU = Release|Any CPU
	EndGlobalSection
	GlobalSection(ProjectConfigurationPlatforms) = postSolution
		{1E3C2204-B37D-4F22-BFCC-2E2E6B4CDEFB}.Debug|Any CPU.ActiveCfg = Debug|Any CPU
		{1E3C2204-B37D-4F22-BFCC-2E2E6B4CDEFB}.Debug|Any CPU.Build.0 = Debug|Any CPU
		{1E3C2204-B37D-4F22-BFCC-2E2E6B4CDEFB}.Release|Any CPU.ActiveCfg = Release|Any CPU
		{1E3C2204-B37D-4F22-BFCC-2E2E6B4CDEFB}.Release|Any CPU.Build.0 = Release|Any CPU
		{BE40AF42-1E3B-4CCA-B0CA-A794244C80FC}.Debug|Any CPU.ActiveCfg = Debug|Any CPU
		{BE40AF42-1E3B-4CCA-B0CA-A794244C80FC}.Debug|Any CPU.Build.0 = Debug|Any CPU
		{BE40AF42-1E3B-4CCA-B0CA-A794244C80FC}.Release|Any CPU.ActiveCfg = Release|Any CPU
		{BE40AF42-1E3B-4CCA-B0CA-A794244C80FC}.Release|Any CPU.Build.0 = Release|Any CPU
	EndGlobalSection
	GlobalSection(SolutionProperties) = preSolution
		HideSolutionNode = FALSE
	EndGlobalSection
	GlobalSection(ExtensibilityGlobals) = postSolution
		SolutionGuid = {1BD6107D-CB24-474D-A37E-66A65F437138}
	EndGlobalSection
EndGlobal
