
Microsoft Visual Studio Solution File, Format Version 12.00
# Visual Studio Version 17
VisualStudioVersion = 17.5.33502.453
MinimumVisualStudioVersion = 10.0.40219.1
Project("{FAE04EC0-301F-11D3-BF4B-00C04F79EFBC}") = "dag8.ASPNETCOREDEMO", "dag8.ASPNETCOREDEMO\dag8.ASPNETCOREDEMO.csproj", "{BFFAC9CD-6C9A-4A96-823F-A564FAB6A93C}"
EndProject
Global
	GlobalSection(SolutionConfigurationPlatforms) = preSolution
		Debug|Any CPU = Debug|Any CPU
		Release|Any CPU = Release|Any CPU
	EndGlobalSection
	GlobalSection(ProjectConfigurationPlatforms) = postSolution
		{BFFAC9CD-6C9A-4A96-823F-A564FAB6A93C}.Debug|Any CPU.ActiveCfg = Debug|Any CPU
		{BFFAC9CD-6C9A-4A96-823F-A564FAB6A93C}.Debug|Any CPU.Build.0 = Debug|Any CPU
		{BFFAC9CD-6C9A-4A96-823F-A564FAB6A93C}.Release|Any CPU.ActiveCfg = Release|Any CPU
		{BFFAC9CD-6C9A-4A96-823F-A564FAB6A93C}.Release|Any CPU.Build.0 = Release|Any CPU
	EndGlobalSection
	GlobalSection(SolutionProperties) = preSolution
		HideSolutionNode = FALSE
	EndGlobalSection
	GlobalSection(ExtensibilityGlobals) = postSolution
		SolutionGuid = {8FFFDC0C-9517-4135-9BE4-34F1E1F46AE8}
	EndGlobalSection
EndGlobal
