
Microsoft Visual Studio Solution File, Format Version 12.00
# Visual Studio Version 17
VisualStudioVersion = 17.5.33516.290
MinimumVisualStudioVersion = 10.0.40219.1
Project("{FAE04EC0-301F-11D3-BF4B-00C04F79EFBC}") = "8-5-23-entity-framework-test", "8-5-23-entity-framework-test\8-5-23-entity-framework-test.csproj", "{F42F2799-0C2E-451A-88A3-6807D18349A5}"
EndProject
Global
	GlobalSection(SolutionConfigurationPlatforms) = preSolution
		Debug|Any CPU = Debug|Any CPU
		Release|Any CPU = Release|Any CPU
	EndGlobalSection
	GlobalSection(ProjectConfigurationPlatforms) = postSolution
		{F42F2799-0C2E-451A-88A3-6807D18349A5}.Debug|Any CPU.ActiveCfg = Debug|Any CPU
		{F42F2799-0C2E-451A-88A3-6807D18349A5}.Debug|Any CPU.Build.0 = Debug|Any CPU
		{F42F2799-0C2E-451A-88A3-6807D18349A5}.Release|Any CPU.ActiveCfg = Release|Any CPU
		{F42F2799-0C2E-451A-88A3-6807D18349A5}.Release|Any CPU.Build.0 = Release|Any CPU
	EndGlobalSection
	GlobalSection(SolutionProperties) = preSolution
		HideSolutionNode = FALSE
	EndGlobalSection
	GlobalSection(ExtensibilityGlobals) = postSolution
		SolutionGuid = {661FA198-7734-47B5-AD28-BF4EC834D60B}
	EndGlobalSection
EndGlobal
