
Microsoft Visual Studio Solution File, Format Version 12.00
# Visual Studio Version 16
VisualStudioVersion = 25.0.1705.2
MinimumVisualStudioVersion = 10.0.40219.1
Project("{FAE04EC0-301F-11D3-BF4B-00C04F79EFBC}") = "Dag6_StructOefening", "Dag6_StructOefening\Dag6_StructOefening.csproj", "{32ACA664-9653-4E27-BA92-107E49DA02DE}"
EndProject
Global
	GlobalSection(SolutionConfigurationPlatforms) = preSolution
		Debug|Any CPU = Debug|Any CPU
		Release|Any CPU = Release|Any CPU
	EndGlobalSection
	GlobalSection(ProjectConfigurationPlatforms) = postSolution
		{32ACA664-9653-4E27-BA92-107E49DA02DE}.Debug|Any CPU.ActiveCfg = Debug|Any CPU
		{32ACA664-9653-4E27-BA92-107E49DA02DE}.Debug|Any CPU.Build.0 = Debug|Any CPU
		{32ACA664-9653-4E27-BA92-107E49DA02DE}.Release|Any CPU.ActiveCfg = Release|Any CPU
		{32ACA664-9653-4E27-BA92-107E49DA02DE}.Release|Any CPU.Build.0 = Release|Any CPU
	EndGlobalSection
	GlobalSection(SolutionProperties) = preSolution
		HideSolutionNode = FALSE
	EndGlobalSection
	GlobalSection(ExtensibilityGlobals) = postSolution
		SolutionGuid = {8BFE8C2E-E4F6-4AE7-967E-1847DC413857}
	EndGlobalSection
EndGlobal
